// !$*UTF8*$!
{
	archiveVersion = 1;
	classes = {
	};
	objectVersion = 48;
	objects = {

/* Begin PBXBuildFile section */
		F938D5AE20D23A8D00992946 /* AppDelegate.swift in Sources */ = {isa = PBXBuildFile; fileRef = F938D5AD20D23A8D00992946 /* AppDelegate.swift */; };
		F938D5B320D23A8E00992946 /* Main.storyboard in Resources */ = {isa = PBXBuildFile; fileRef = F938D5B120D23A8E00992946 /* Main.storyboard */; };
		F938D5B520D23A8E00992946 /* Assets.xcassets in Resources */ = {isa = PBXBuildFile; fileRef = F938D5B420D23A8E00992946 /* Assets.xcassets */; };
		F938D5B820D23A8F00992946 /* LaunchScreen.storyboard in Resources */ = {isa = PBXBuildFile; fileRef = F938D5B620D23A8F00992946 /* LaunchScreen.storyboard */; };
		F938D5C120D23D8000992946 /* CoreLocation.framework in Frameworks */ = {isa = PBXBuildFile; fileRef = F938D5C020D23D8000992946 /* CoreLocation.framework */; };
		F938D5C320D23D8700992946 /* CoreBluetooth.framework in Frameworks */ = {isa = PBXBuildFile; fileRef = F938D5C220D23D8700992946 /* CoreBluetooth.framework */; };
		F938D5C520D23D9100992946 /* CoreGraphics.framework in Frameworks */ = {isa = PBXBuildFile; fileRef = F938D5C420D23D9100992946 /* CoreGraphics.framework */; };
		F938D5C720D23D9C00992946 /* UIKit.framework in Frameworks */ = {isa = PBXBuildFile; fileRef = F938D5C620D23D9C00992946 /* UIKit.framework */; };
		F938D5C920D23DA200992946 /* Foundation.framework in Frameworks */ = {isa = PBXBuildFile; fileRef = F938D5C820D23DA200992946 /* Foundation.framework */; };
		F938D5CB20D2449800992946 /* ReceiverViewController.swift in Sources */ = {isa = PBXBuildFile; fileRef = F938D5CA20D2449800992946 /* ReceiverViewController.swift */; };
		F938D5CD20D244B400992946 /* BroadcasterViewController.swift in Sources */ = {isa = PBXBuildFile; fileRef = F938D5CC20D244B400992946 /* BroadcasterViewController.swift */; };
/* End PBXBuildFile section */

/* Begin PBXFileReference section */
		F938D5AA20D23A8D00992946 /* iBeacon.app */ = {isa = PBXFileReference; explicitFileType = wrapper.application; includeInIndex = 0; path = iBeacon.app; sourceTree = BUILT_PRODUCTS_DIR; };
		F938D5AD20D23A8D00992946 /* AppDelegate.swift */ = {isa = PBXFileReference; lastKnownFileType = sourcecode.swift; path = AppDelegate.swift; sourceTree = "<group>"; };
		F938D5B220D23A8E00992946 /* Base */ = {isa = PBXFileReference; lastKnownFileType = file.storyboard; name = Base; path = Base.lproj/Main.storyboard; sourceTree = "<group>"; };
		F938D5B420D23A8E00992946 /* Assets.xcassets */ = {isa = PBXFileReference; lastKnownFileType = folder.assetcatalog; path = Assets.xcassets; sourceTree = "<group>"; };
		F938D5B720D23A8F00992946 /* Base */ = {isa = PBXFileReference; lastKnownFileType = file.storyboard; name = Base; path = Base.lproj/LaunchScreen.storyboard; sourceTree = "<group>"; };
		F938D5B920D23A8F00992946 /* Info.plist */ = {isa = PBXFileReference; lastKnownFileType = text.plist.xml; path = Info.plist; sourceTree = "<group>"; };
		F938D5C020D23D8000992946 /* CoreLocation.framework */ = {isa = PBXFileReference; lastKnownFileType = wrapper.framework; name = CoreLocation.framework; path = System/Library/Frameworks/CoreLocation.framework; sourceTree = SDKROOT; };
		F938D5C220D23D8700992946 /* CoreBluetooth.framework */ = {isa = PBXFileReference; lastKnownFileType = wrapper.framework; name = CoreBluetooth.framework; path = System/Library/Frameworks/CoreBluetooth.framework; sourceTree = SDKROOT; };
		F938D5C420D23D9100992946 /* CoreGraphics.framework */ = {isa = PBXFileReference; lastKnownFileType = wrapper.framework; name = CoreGraphics.framework; path = System/Library/Frameworks/CoreGraphics.framework; sourceTree = SDKROOT; };
		F938D5C620D23D9C00992946 /* UIKit.framework */ = {isa = PBXFileReference; lastKnownFileType = wrapper.framework; name = UIKit.framework; path = System/Library/Frameworks/UIKit.framework; sourceTree = SDKROOT; };
		F938D5C820D23DA200992946 /* Foundation.framework */ = {isa = PBXFileReference; lastKnownFileType = wrapper.framework; name = Foundation.framework; path = System/Library/Frameworks/Foundation.framework; sourceTree = SDKROOT; };
		F938D5CA20D2449800992946 /* ReceiverViewController.swift */ = {isa = PBXFileReference; lastKnownFileType = sourcecode.swift; path = ReceiverViewController.swift; sourceTree = "<group>"; };
		F938D5CC20D244B400992946 /* BroadcasterViewController.swift */ = {isa = PBXFileReference; lastKnownFileType = sourcecode.swift; path = BroadcasterViewController.swift; sourceTree = "<group>"; };
/* End PBXFileReference section */

/* Begin PBXFrameworksBuildPhase section */
		F938D5A720D23A8D00992946 /* Frameworks */ = {
			isa = PBXFrameworksBuildPhase;
			buildActionMask = 2147483647;
			files = (
				F938D5C920D23DA200992946 /* Foundation.framework in Frameworks */,
				F938D5C720D23D9C00992946 /* UIKit.framework in Frameworks */,
				F938D5C520D23D9100992946 /* CoreGraphics.framework in Frameworks */,
				F938D5C320D23D8700992946 /* CoreBluetooth.framework in Frameworks */,
				F938D5C120D23D8000992946 /* CoreLocation.framework in Frameworks */,
			);
			runOnlyForDeploymentPostprocessing = 0;
		};
/* End PBXFrameworksBuildPhase section */

/* Begin PBXGroup section */
		F938D5A120D23A8D00992946 = {
			isa = PBXGroup;
			children = (
				F938D5AC20D23A8D00992946 /* iBeacon */,
				F938D5AB20D23A8D00992946 /* Products */,
				F938D5BF20D23D8000992946 /* Frameworks */,
			);
			sourceTree = "<group>";
		};
		F938D5AB20D23A8D00992946 /* Products */ = {
			isa = PBXGroup;
			children = (
				F938D5AA20D23A8D00992946 /* iBeacon.app */,
			);
			name = Products;
			sourceTree = "<group>";
		};
		F938D5AC20D23A8D00992946 /* iBeacon */ = {
			isa = PBXGroup;
			children = (
				F938D5AD20D23A8D00992946 /* AppDelegate.swift */,
				F938D5CA20D2449800992946 /* ReceiverViewController.swift */,
				F938D5CC20D244B400992946 /* BroadcasterViewController.swift */,
				F938D5B120D23A8E00992946 /* Main.storyboard */,
				F938D5B420D23A8E00992946 /* Assets.xcassets */,
				F938D5B620D23A8F00992946 /* LaunchScreen.storyboard */,
				F938D5B920D23A8F00992946 /* Info.plist */,
			);
			path = iBeacon;
			sourceTree = "<group>";
		};
		F938D5BF20D23D8000992946 /* Frameworks */ = {
			isa = PBXGroup;
			children = (
				F938D5C820D23DA200992946 /* Foundation.framework */,
				F938D5C620D23D9C00992946 /* UIKit.framework */,
				F938D5C420D23D9100992946 /* CoreGraphics.framework */,
				F938D5C220D23D8700992946 /* CoreBluetooth.framework */,
				F938D5C020D23D8000992946 /* CoreLocation.framework */,
			);
			name = Frameworks;
			sourceTree = "<group>";
		};
/* End PBXGroup section */

/* Begin PBXNativeTarget section */
		F938D5A920D23A8D00992946 /* iBeacon */ = {
			isa = PBXNativeTarget;
			buildConfigurationList = F938D5BC20D23A8F00992946 /* Build configuration list for PBXNativeTarget "iBeacon" */;
			buildPhases = (
				F938D5A620D23A8D00992946 /* Sources */,
				F938D5A720D23A8D00992946 /* Frameworks */,
				F938D5A820D23A8D00992946 /* Resources */,
			);
			buildRules = (
			);
			dependencies = (
			);
			name = iBeacon;
			productName = iBeacon;
			productReference = F938D5AA20D23A8D00992946 /* iBeacon.app */;
			productType = "com.apple.product-type.application";
		};
/* End PBXNativeTarget section */

/* Begin PBXProject section */
		F938D5A220D23A8D00992946 /* Project object */ = {
			isa = PBXProject;
			attributes = {
				LastSwiftUpdateCheck = 0920;
				LastUpgradeCheck = 0920;
				ORGANIZATIONNAME = Asheesh;
				TargetAttributes = {
					F938D5A920D23A8D00992946 = {
						CreatedOnToolsVersion = 9.2;
						ProvisioningStyle = Automatic;
					};
				};
			};
			buildConfigurationList = F938D5A520D23A8D00992946 /* Build configuration list for PBXProject "iBeacon" */;
			compatibilityVersion = "Xcode 8.0";
			developmentRegion = en;
			hasScannedForEncodings = 0;
			knownRegions = (
				en,
				Base,
			);
			mainGroup = F938D5A120D23A8D00992946;
			productRefGroup = F938D5AB20D23A8D00992946 /* Products */;
			projectDirPath = "";
			projectRoot = "";
			targets = (
				F938D5A920D23A8D00992946 /* iBeacon */,
			);
		};
/* End PBXProject section */

/* Begin PBXResourcesBuildPhase section */
		F938D5A820D23A8D00992946 /* Resources */ = {
			isa = PBXResourcesBuildPhase;
			buildActionMask = 2147483647;
			files = (
				F938D5B820D23A8F00992946 /* LaunchScreen.storyboard in Resources */,
				F938D5B520D23A8E00992946 /* Assets.xcassets in Resources */,
				F938D5B320D23A8E00992946 /* Main.storyboard in Resources */,
			);
			runOnlyForDeploymentPostprocessing = 0;
		};
/* End PBXResourcesBuildPhase section */

/* Begin PBXSourcesBuildPhase section */
		F938D5A620D23A8D00992946 /* Sources */ = {
			isa = PBXSourcesBuildPhase;
			buildActionMask = 2147483647;
			files = (
				F938D5CB20D2449800992946 /* ReceiverViewController.swift in Sources */,
				F938D5AE20D23A8D00992946 /* AppDelegate.swift in Sources */,
				F938D5CD20D244B400992946 /* BroadcasterViewController.swift in Sources */,
			);
			runOnlyForDeploymentPostprocessing = 0;
		};
/* End PBXSourcesBuildPhase section */

/* Begin PBXVariantGroup section */
		F938D5B120D23A8E00992946 /* Main.storyboard */ = {
			isa = PBXVariantGroup;
			children = (
				F938D5B220D23A8E00992946 /* Base */,
			);
			name = Main.storyboard;
			sourceTree = "<group>";
		};
		F938D5B620D23A8F00992946 /* LaunchScreen.storyboard */ = {
			isa = PBXVariantGroup;
			children = (
				F938D5B720D23A8F00992946 /* Base */,
			);
			name = LaunchScreen.storyboard;
			sourceTree = "<group>";
		};
/* End PBXVariantGroup section */

/* Begin XCBuildConfiguration section */
		F938D5BA20D23A8F00992946 /* Debug */ = {
			isa = XCBuildConfiguration;
			buildSettings = {
				ALWAYS_SEARCH_USER_PATHS = NO;
				CLANG_ANALYZER_NONNULL = YES;
				CLANG_ANALYZER_NUMBER_OBJECT_CONVERSION = YES_AGGRESSIVE;
				CLANG_CXX_LANGUAGE_STANDARD = "gnu++14";
				CLANG_CXX_LIBRARY = "libc++";
				CLANG_ENABLE_MODULES = YES;
				CLANG_ENABLE_OBJC_ARC = YES;
				CLANG_WARN_BLOCK_CAPTURE_AUTORELEASING = YES;
				CLANG_WARN_BOOL_CONVERSION = YES;
				CLANG_WARN_COMMA = YES;
				CLANG_WARN_CONSTANT_CONVERSION = YES;
				CLANG_WARN_DIRECT_OBJC_ISA_USAGE = YES_ERROR;
				CLANG_WARN_DOCUMENTATION_COMMENTS = YES;
				CLANG_WARN_EMPTY_BODY = YES;
				CLANG_WARN_ENUM_CONVERSION = YES;
				CLANG_WARN_INFINITE_RECURSION = YES;
				CLANG_WARN_INT_CONVERSION = YES;
				CLANG_WARN_NON_LITERAL_NULL_CONVERSION = YES;
				CLANG_WARN_OBJC_LITERAL_CONVERSION = YES;
				CLANG_WARN_OBJC_ROOT_CLASS = YES_ERROR;
				CLANG_WARN_RANGE_LOOP_ANALYSIS = YES;
				CLANG_WARN_STRICT_PROTOTYPES = YES;
				CLANG_WARN_SUSPICIOUS_MOVE = YES;
				CLANG_WARN_UNGUARDED_AVAILABILITY = YES_AGGRESSIVE;
				CLANG_WARN_UNREACHABLE_CODE = YES;
				CLANG_WARN__DUPLICATE_METHOD_MATCH = YES;
				CODE_SIGN_IDENTITY = "iPhone Developer";
				COPY_PHASE_STRIP = NO;
				DEBUG_INFORMATION_FORMAT = dwarf;
				ENABLE_STRICT_OBJC_MSGSEND = YES;
				ENABLE_TESTABILITY = YES;
				GCC_C_LANGUAGE_STANDARD = gnu11;
				GCC_DYNAMIC_NO_PIC = NO;
				GCC_NO_COMMON_BLOCKS = YES;
				GCC_OPTIMIZATION_LEVEL = 0;
				GCC_PREPROCESSOR_DEFINITIONS = (
					"DEBUG=1",
					"$(inherited)",
				);
				GCC_WARN_64_TO_32_BIT_CONVERSION = YES;
				GCC_WARN_ABOUT_RETURN_TYPE = YES_ERROR;
				GCC_WARN_UNDECLARED_SELECTOR = YES;
				GCC_WARN_UNINITIALIZED_AUTOS = YES_AGGRESSIVE;
				GCC_WARN_UNUSED_FUNCTION = YES;
				GCC_WARN_UNUSED_VARIABLE = YES;
				IPHONEOS_DEPLOYMENT_TARGET = 11.2;
				MTL_ENABLE_DEBUG_INFO = YES;
				ONLY_ACTIVE_ARCH = YES;
				SDKROOT = iphoneos;
				SWIFT_ACTIVE_COMPILATION_CONDITIONS = DEBUG;
				SWIFT_OPTIMIZATION_LEVEL = "-Onone";
			};
			name = Debug;
		};
		F938D5BB20D23A8F00992946 /* Release */ = {
			isa = XCBuildConfiguration;
			buildSettings = {
				ALWAYS_SEARCH_USER_PATHS = NO;
				CLANG_ANALYZER_NONNULL = YES;
				CLANG_ANALYZER_NUMBER_OBJECT_CONVERSION = YES_AGGRESSIVE;
				CLANG_CXX_LANGUAGE_STANDARD = "gnu++14";
				CLANG_CXX_LIBRARY = "libc++";
				CLANG_ENABLE_MODULES = YES;
				CLANG_ENABLE_OBJC_ARC = YES;
				CLANG_WARN_BLOCK_CAPTURE_AUTORELEASING = YES;
				CLANG_WARN_BOOL_CONVERSION = YES;
				CLANG_WARN_COMMA = YES;
				CLANG_WARN_CONSTANT_CONVERSION = YES;
				CLANG_WARN_DIRECT_OBJC_ISA_USAGE = YES_ERROR;
				CLANG_WARN_DOCUMENTATION_COMMENTS = YES;
				CLANG_WARN_EMPTY_BODY = YES;
				CLANG_WARN_ENUM_CONVERSION = YES;
				CLANG_WARN_INFINITE_RECURSION = YES;
				CLANG_WARN_INT_CONVERSION = YES;
				CLANG_WARN_NON_LITERAL_NULL_CONVERSION = YES;
				CLANG_WARN_OBJC_LITERAL_CONVERSION = YES;
				CLANG_WARN_OBJC_ROOT_CLASS = YES_ERROR;
				CLANG_WARN_RANGE_LOOP_ANALYSIS = YES;
				CLANG_WARN_STRICT_PROTOTYPES = YES;
				CLANG_WARN_SUSPICIOUS_MOVE = YES;
				CLANG_WARN_UNGUARDED_AVAILABILITY = YES_AGGRESSIVE;
				CLANG_WARN_UNREACHABLE_CODE = YES;
				CLANG_WARN__DUPLICATE_METHOD_MATCH = YES;
				CODE_SIGN_IDENTITY = "iPhone Developer";
				COPY_PHASE_STRIP = NO;
				DEBUG_INFORMATION_FORMAT = "dwarf-with-dsym";
				ENABLE_NS_ASSERTIONS = NO;
				ENABLE_STRICT_OBJC_MSGSEND = YES;
				GCC_C_LANGUAGE_STANDARD = gnu11;
				GCC_NO_COMMON_BLOCKS = YES;
				GCC_WARN_64_TO_32_BIT_CONVERSION = YES;
				GCC_WARN_ABOUT_RETURN_TYPE = YES_ERROR;
				GCC_WARN_UNDECLARED_SELECTOR = YES;
				GCC_WARN_UNINITIALIZED_AUTOS = YES_AGGRESSIVE;
				GCC_WARN_UNUSED_FUNCTION = YES;
				GCC_WARN_UNUSED_VARIABLE = YES;
				IPHONEOS_DEPLOYMENT_TARGET = 11.2;
				MTL_ENABLE_DEBUG_INFO = NO;
				SDKROOT = iphoneos;
				SWIFT_OPTIMIZATION_LEVEL = "-Owholemodule";
				VALIDATE_PRODUCT = YES;
			};
			name = Release;
		};
		F938D5BD20D23A8F00992946 /* Debug */ = {
			isa = XCBuildConfiguration;
			buildSettings = {
				ASSETCATALOG_COMPILER_APPICON_NAME = AppIcon;
				CODE_SIGN_STYLE = Automatic;
				DEVELOPMENT_TEAM = Z65663868K;
				INFOPLIST_FILE = iBeacon/Info.plist;
				IPHONEOS_DEPLOYMENT_TARGET = 10.1;
				LD_RUNPATH_SEARCH_PATHS = "$(inherited) @executable_path/Frameworks";
				PRODUCT_BUNDLE_IDENTIFIER = com.inventura.iBeacon;
				PRODUCT_NAME = "$(TARGET_NAME)";
				SWIFT_VERSION = 4.0;
				TARGETED_DEVICE_FAMILY = "1,2";
			};
			name = Debug;
		};
		F938D5BE20D23A8F00992946 /* Release */ = {
			isa = XCBuildConfiguration;
			buildSettings = {
				ASSETCATALOG_COMPILER_APPICON_NAME = AppIcon;
				CODE_SIGN_STYLE = Automatic;
				DEVELOPMENT_TEAM = Z65663868K;
				INFOPLIST_FILE = iBeacon/Info.plist;
				IPHONEOS_DEPLOYMENT_TARGET = 10.1;
				LD_RUNPATH_SEARCH_PATHS = "$(inherited) @executable_path/Frameworks";
				PRODUCT_BUNDLE_IDENTIFIER = com.inventura.iBeacon;
				PRODUCT_NAME = "$(TARGET_NAME)";
				SWIFT_VERSION = 4.0;
				TARGETED_DEVICE_FAMILY = "1,2";
			};
			name = Release;
		};
/* End XCBuildConfiguration section */

/* Begin XCConfigurationList section */
		F938D5A520D23A8D00992946 /* Build configuration list for PBXProject "iBeacon" */ = {
			isa = XCConfigurationList;
			buildConfigurations = (
				F938D5BA20D23A8F00992946 /* Debug */,
				F938D5BB20D23A8F00992946 /* Release */,
			);
			defaultConfigurationIsVisible = 0;
			defaultConfigurationName = Release;
		};
		F938D5BC20D23A8F00992946 /* Build configuration list for PBXNativeTarget "iBeacon" */ = {
			isa = XCConfigurationList;
			buildConfigurations = (
				F938D5BD20D23A8F00992946 /* Debug */,
				F938D5BE20D23A8F00992946 /* Release */,
			);
			defaultConfigurationIsVisible = 0;
			defaultConfigurationName = Release;
		};
/* End XCConfigurationList section */
	};
	rootObject = F938D5A220D23A8D00992946 /* Project object */;
}
